
Microsoft Visual Studio Solution File, Format Version 12.00
# Visual Studio Version 17
VisualStudioVersion = 17.9.34714.143
MinimumVisualStudioVersion = 10.0.40219.1
Project("{FAE04EC0-301F-11D3-BF4B-00C04F79EFBC}") = "NetworkOfPrivateClinics", "NetworkOfPrivateClinics\NetworkOfPrivateClinics.csproj", "{DAB5982A-2EFF-43C1-99F8-55D32537361B}"
EndProject
Global
	GlobalSection(SolutionConfigurationPlatforms) = preSolution
		Debug|Any CPU = Debug|Any CPU
		Release|Any CPU = Release|Any CPU
	EndGlobalSection
	GlobalSection(ProjectConfigurationPlatforms) = postSolution
		{DAB5982A-2EFF-43C1-99F8-55D32537361B}.Debug|Any CPU.ActiveCfg = Debug|Any CPU
		{DAB5982A-2EFF-43C1-99F8-55D32537361B}.Debug|Any CPU.Build.0 = Debug|Any CPU
		{DAB5982A-2EFF-43C1-99F8-55D32537361B}.Release|Any CPU.ActiveCfg = Release|Any CPU
		{DAB5982A-2EFF-43C1-99F8-55D32537361B}.Release|Any CPU.Build.0 = Release|Any CPU
	EndGlobalSection
	GlobalSection(SolutionProperties) = preSolution
		HideSolutionNode = FALSE
	EndGlobalSection
	GlobalSection(ExtensibilityGlobals) = postSolution
		SolutionGuid = {0A5919E2-163D-437B-8C74-2D708B37999C}
	EndGlobalSection
EndGlobal
