
Microsoft Visual Studio Solution File, Format Version 12.00
# Visual Studio Version 17
VisualStudioVersion = 17.9.34714.143
MinimumVisualStudioVersion = 10.0.40219.1
Project("{9A19103F-16F7-4668-BE54-9A1E7A4F7556}") = "PrivateClinicsNetWebAPI", "PrivateClinicsNetWebAPI\PrivateClinicsNetWebAPI.csproj", "{46C634B3-CFAB-4158-9FC3-6A6823E1E32F}"
EndProject
Project("{9A19103F-16F7-4668-BE54-9A1E7A4F7556}") = "PrivateClinicsNetWebAPI.Domain", "PrivateClinicsNetWebAPI.Domain\PrivateClinicsNetWebAPI.Domain.csproj", "{19A168D1-6AAA-4276-9FC3-123E9D3774A5}"
EndProject
Project("{9A19103F-16F7-4668-BE54-9A1E7A4F7556}") = "PrivateClinicsNetWebApi.Application", "PrivateClinicsNetWebApi.Application\PrivateClinicsNetWebApi.Application.csproj", "{91744DDC-F5AE-404C-8486-91ACADCE89CF}"
EndProject
Project("{9A19103F-16F7-4668-BE54-9A1E7A4F7556}") = "PrivateClinicsNetWebApi.DataAccess", "PrivateClinicsNetWebApi.DataAccess\PrivateClinicsNetWebApi.DataAccess.csproj", "{75D097D9-9CD7-409D-BE6C-EF446DEEEE4D}"
EndProject
Global
	GlobalSection(SolutionConfigurationPlatforms) = preSolution
		Debug|Any CPU = Debug|Any CPU
		Release|Any CPU = Release|Any CPU
	EndGlobalSection
	GlobalSection(ProjectConfigurationPlatforms) = postSolution
		{46C634B3-CFAB-4158-9FC3-6A6823E1E32F}.Debug|Any CPU.ActiveCfg = Debug|Any CPU
		{46C634B3-CFAB-4158-9FC3-6A6823E1E32F}.Debug|Any CPU.Build.0 = Debug|Any CPU
		{46C634B3-CFAB-4158-9FC3-6A6823E1E32F}.Release|Any CPU.ActiveCfg = Release|Any CPU
		{46C634B3-CFAB-4158-9FC3-6A6823E1E32F}.Release|Any CPU.Build.0 = Release|Any CPU
		{19A168D1-6AAA-4276-9FC3-123E9D3774A5}.Debug|Any CPU.ActiveCfg = Debug|Any CPU
		{19A168D1-6AAA-4276-9FC3-123E9D3774A5}.Debug|Any CPU.Build.0 = Debug|Any CPU
		{19A168D1-6AAA-4276-9FC3-123E9D3774A5}.Release|Any CPU.ActiveCfg = Release|Any CPU
		{19A168D1-6AAA-4276-9FC3-123E9D3774A5}.Release|Any CPU.Build.0 = Release|Any CPU
		{91744DDC-F5AE-404C-8486-91ACADCE89CF}.Debug|Any CPU.ActiveCfg = Debug|Any CPU
		{91744DDC-F5AE-404C-8486-91ACADCE89CF}.Debug|Any CPU.Build.0 = Debug|Any CPU
		{91744DDC-F5AE-404C-8486-91ACADCE89CF}.Release|Any CPU.ActiveCfg = Release|Any CPU
		{91744DDC-F5AE-404C-8486-91ACADCE89CF}.Release|Any CPU.Build.0 = Release|Any CPU
		{75D097D9-9CD7-409D-BE6C-EF446DEEEE4D}.Debug|Any CPU.ActiveCfg = Debug|Any CPU
		{75D097D9-9CD7-409D-BE6C-EF446DEEEE4D}.Debug|Any CPU.Build.0 = Debug|Any CPU
		{75D097D9-9CD7-409D-BE6C-EF446DEEEE4D}.Release|Any CPU.ActiveCfg = Release|Any CPU
		{75D097D9-9CD7-409D-BE6C-EF446DEEEE4D}.Release|Any CPU.Build.0 = Release|Any CPU
	EndGlobalSection
	GlobalSection(SolutionProperties) = preSolution
		HideSolutionNode = FALSE
	EndGlobalSection
	GlobalSection(ExtensibilityGlobals) = postSolution
		SolutionGuid = {BEDC2D37-FD4D-4624-8B7B-A04495C09629}
	EndGlobalSection
EndGlobal
